// !$*UTF8*$!
{
	archiveVersion = 1;
	classes = {
	};
	objectVersion = 50;
	objects = {

/* Begin PBXBuildFile section */
		74FE61A62172E71A0019F548 /* AppDelegate.m in Sources */ = {isa = PBXBuildFile; fileRef = 74FE61A52172E71A0019F548 /* AppDelegate.m */; };
		74FE61A92172E71A0019F548 /* ViewController.m in Sources */ = {isa = PBXBuildFile; fileRef = 74FE61A82172E71A0019F548 /* ViewController.m */; };
		74FE61AC2172E71A0019F548 /* Main.storyboard in Resources */ = {isa = PBXBuildFile; fileRef = 74FE61AA2172E71A0019F548 /* Main.storyboard */; };
		74FE61AE2172E71C0019F548 /* Assets.xcassets in Resources */ = {isa = PBXBuildFile; fileRef = 74FE61AD2172E71C0019F548 /* Assets.xcassets */; };
		74FE61B12172E71C0019F548 /* LaunchScreen.storyboard in Resources */ = {isa = PBXBuildFile; fileRef = 74FE61AF2172E71C0019F548 /* LaunchScreen.storyboard */; };
		74FE61B42172E71C0019F548 /* main.m in Sources */ = {isa = PBXBuildFile; fileRef = 74FE61B32172E71C0019F548 /* main.m */; };
		74FE61BE2172E71C0019F548 /* CCSliderTests.m in Sources */ = {isa = PBXBuildFile; fileRef = 74FE61BD2172E71C0019F548 /* CCSliderTests.m */; };
		74FE62022172ED570019F548 /* CCSliderHeaderView.m in Sources */ = {isa = PBXBuildFile; fileRef = 74FE62012172ED570019F548 /* CCSliderHeaderView.m */; };
		74FE6205217302EC0019F548 /* CCSliderMngVC.m in Sources */ = {isa = PBXBuildFile; fileRef = 74FE6204217302EC0019F548 /* CCSliderMngVC.m */; };
		74FE6208217305AB0019F548 /* CCSliderModel.m in Sources */ = {isa = PBXBuildFile; fileRef = 74FE6207217305AB0019F548 /* CCSliderModel.m */; };
		74FE620E21731AE60019F548 /* CCSubVC1.m in Sources */ = {isa = PBXBuildFile; fileRef = 74FE620D21731AE60019F548 /* CCSubVC1.m */; };
		74FE621121731AEE0019F548 /* CCSubVC2.m in Sources */ = {isa = PBXBuildFile; fileRef = 74FE621021731AEE0019F548 /* CCSubVC2.m */; };
		74FE6214217322CE0019F548 /* CCTabVC.m in Sources */ = {isa = PBXBuildFile; fileRef = 74FE6213217322CE0019F548 /* CCTabVC.m */; };
		74FE6219217327F40019F548 /* CCSliderConfig.m in Sources */ = {isa = PBXBuildFile; fileRef = 74FE6218217327F40019F548 /* CCSliderConfig.m */; };
/* End PBXBuildFile section */

/* Begin PBXContainerItemProxy section */
		74FE61BA2172E71C0019F548 /* PBXContainerItemProxy */ = {
			isa = PBXContainerItemProxy;
			containerPortal = 74FE61992172E71A0019F548 /* Project object */;
			proxyType = 1;
			remoteGlobalIDString = 74FE61A02172E71A0019F548;
			remoteInfo = CCSlider;
		};
/* End PBXContainerItemProxy section */

/* Begin PBXFileReference section */
		74FE61A12172E71A0019F548 /* CCSlider.app */ = {isa = PBXFileReference; explicitFileType = wrapper.application; includeInIndex = 0; path = CCSlider.app; sourceTree = BUILT_PRODUCTS_DIR; };
		74FE61A42172E71A0019F548 /* AppDelegate.h */ = {isa = PBXFileReference; lastKnownFileType = sourcecode.c.h; path = AppDelegate.h; sourceTree = "<group>"; };
		74FE61A52172E71A0019F548 /* AppDelegate.m */ = {isa = PBXFileReference; lastKnownFileType = sourcecode.c.objc; path = AppDelegate.m; sourceTree = "<group>"; };
		74FE61A72172E71A0019F548 /* ViewController.h */ = {isa = PBXFileReference; lastKnownFileType = sourcecode.c.h; path = ViewController.h; sourceTree = "<group>"; };
		74FE61A82172E71A0019F548 /* ViewController.m */ = {isa = PBXFileReference; lastKnownFileType = sourcecode.c.objc; path = ViewController.m; sourceTree = "<group>"; };
		74FE61AB2172E71A0019F548 /* Base */ = {isa = PBXFileReference; lastKnownFileType = file.storyboard; name = Base; path = Base.lproj/Main.storyboard; sourceTree = "<group>"; };
		74FE61AD2172E71C0019F548 /* Assets.xcassets */ = {isa = PBXFileReference; lastKnownFileType = folder.assetcatalog; path = Assets.xcassets; sourceTree = "<group>"; };
		74FE61B02172E71C0019F548 /* Base */ = {isa = PBXFileReference; lastKnownFileType = file.storyboard; name = Base; path = Base.lproj/LaunchScreen.storyboard; sourceTree = "<group>"; };
		74FE61B22172E71C0019F548 /* Info.plist */ = {isa = PBXFileReference; lastKnownFileType = text.plist.xml; path = Info.plist; sourceTree = "<group>"; };
		74FE61B32172E71C0019F548 /* main.m */ = {isa = PBXFileReference; lastKnownFileType = sourcecode.c.objc; path = main.m; sourceTree = "<group>"; };
		74FE61B92172E71C0019F548 /* CCSliderTests.xctest */ = {isa = PBXFileReference; explicitFileType = wrapper.cfbundle; includeInIndex = 0; path = CCSliderTests.xctest; sourceTree = BUILT_PRODUCTS_DIR; };
		74FE61BD2172E71C0019F548 /* CCSliderTests.m */ = {isa = PBXFileReference; lastKnownFileType = sourcecode.c.objc; path = CCSliderTests.m; sourceTree = "<group>"; };
		74FE61BF2172E71C0019F548 /* Info.plist */ = {isa = PBXFileReference; lastKnownFileType = text.plist.xml; path = Info.plist; sourceTree = "<group>"; };
		74FE62002172ED570019F548 /* CCSliderHeaderView.h */ = {isa = PBXFileReference; lastKnownFileType = sourcecode.c.h; path = CCSliderHeaderView.h; sourceTree = "<group>"; };
		74FE62012172ED570019F548 /* CCSliderHeaderView.m */ = {isa = PBXFileReference; lastKnownFileType = sourcecode.c.objc; path = CCSliderHeaderView.m; sourceTree = "<group>"; };
		74FE6203217302EC0019F548 /* CCSliderMngVC.h */ = {isa = PBXFileReference; lastKnownFileType = sourcecode.c.h; path = CCSliderMngVC.h; sourceTree = "<group>"; };
		74FE6204217302EC0019F548 /* CCSliderMngVC.m */ = {isa = PBXFileReference; lastKnownFileType = sourcecode.c.objc; path = CCSliderMngVC.m; sourceTree = "<group>"; };
		74FE6206217305AB0019F548 /* CCSliderModel.h */ = {isa = PBXFileReference; lastKnownFileType = sourcecode.c.h; path = CCSliderModel.h; sourceTree = "<group>"; };
		74FE6207217305AB0019F548 /* CCSliderModel.m */ = {isa = PBXFileReference; lastKnownFileType = sourcecode.c.objc; path = CCSliderModel.m; sourceTree = "<group>"; };
		74FE620A217316300019F548 /* CCSlider.h */ = {isa = PBXFileReference; lastKnownFileType = sourcecode.c.h; path = CCSlider.h; sourceTree = "<group>"; };
		74FE620C21731AE60019F548 /* CCSubVC1.h */ = {isa = PBXFileReference; lastKnownFileType = sourcecode.c.h; path = CCSubVC1.h; sourceTree = "<group>"; };
		74FE620D21731AE60019F548 /* CCSubVC1.m */ = {isa = PBXFileReference; lastKnownFileType = sourcecode.c.objc; path = CCSubVC1.m; sourceTree = "<group>"; };
		74FE620F21731AEE0019F548 /* CCSubVC2.h */ = {isa = PBXFileReference; lastKnownFileType = sourcecode.c.h; path = CCSubVC2.h; sourceTree = "<group>"; };
		74FE621021731AEE0019F548 /* CCSubVC2.m */ = {isa = PBXFileReference; lastKnownFileType = sourcecode.c.objc; path = CCSubVC2.m; sourceTree = "<group>"; };
		74FE6212217322CE0019F548 /* CCTabVC.h */ = {isa = PBXFileReference; lastKnownFileType = sourcecode.c.h; path = CCTabVC.h; sourceTree = "<group>"; };
		74FE6213217322CE0019F548 /* CCTabVC.m */ = {isa = PBXFileReference; lastKnownFileType = sourcecode.c.objc; path = CCTabVC.m; sourceTree = "<group>"; };
		74FE6217217327F40019F548 /* CCSliderConfig.h */ = {isa = PBXFileReference; lastKnownFileType = sourcecode.c.h; path = CCSliderConfig.h; sourceTree = "<group>"; };
		74FE6218217327F40019F548 /* CCSliderConfig.m */ = {isa = PBXFileReference; lastKnownFileType = sourcecode.c.objc; path = CCSliderConfig.m; sourceTree = "<group>"; };
/* End PBXFileReference section */

/* Begin PBXFrameworksBuildPhase section */
		74FE619E2172E71A0019F548 /* Frameworks */ = {
			isa = PBXFrameworksBuildPhase;
			buildActionMask = 2147483647;
			files = (
			);
			runOnlyForDeploymentPostprocessing = 0;
		};
		74FE61B62172E71C0019F548 /* Frameworks */ = {
			isa = PBXFrameworksBuildPhase;
			buildActionMask = 2147483647;
			files = (
			);
			runOnlyForDeploymentPostprocessing = 0;
		};
/* End PBXFrameworksBuildPhase section */

/* Begin PBXGroup section */
		74FE61982172E71A0019F548 = {
			isa = PBXGroup;
			children = (
				74FE61A32172E71A0019F548 /* CCSlider */,
				74FE61BC2172E71C0019F548 /* CCSliderTests */,
				74FE61A22172E71A0019F548 /* Products */,
			);
			sourceTree = "<group>";
		};
		74FE61A22172E71A0019F548 /* Products */ = {
			isa = PBXGroup;
			children = (
				74FE61A12172E71A0019F548 /* CCSlider.app */,
				74FE61B92172E71C0019F548 /* CCSliderTests.xctest */,
			);
			name = Products;
			sourceTree = "<group>";
		};
		74FE61A32172E71A0019F548 /* CCSlider */ = {
			isa = PBXGroup;
			children = (
				74FE61C82172E72C0019F548 /* CCSlider */,
				74FE620B217319770019F548 /* SubVC */,
				74FE61A72172E71A0019F548 /* ViewController.h */,
				74FE61A82172E71A0019F548 /* ViewController.m */,
				74FE6212217322CE0019F548 /* CCTabVC.h */,
				74FE6213217322CE0019F548 /* CCTabVC.m */,
				74FE61A42172E71A0019F548 /* AppDelegate.h */,
				74FE61A52172E71A0019F548 /* AppDelegate.m */,
				74FE61AA2172E71A0019F548 /* Main.storyboard */,
				74FE61AD2172E71C0019F548 /* Assets.xcassets */,
				74FE61AF2172E71C0019F548 /* LaunchScreen.storyboard */,
				74FE61B22172E71C0019F548 /* Info.plist */,
				74FE61B32172E71C0019F548 /* main.m */,
			);
			path = CCSlider;
			sourceTree = "<group>";
		};
		74FE61BC2172E71C0019F548 /* CCSliderTests */ = {
			isa = PBXGroup;
			children = (
				74FE61BD2172E71C0019F548 /* CCSliderTests.m */,
				74FE61BF2172E71C0019F548 /* Info.plist */,
			);
			path = CCSliderTests;
			sourceTree = "<group>";
		};
		74FE61C82172E72C0019F548 /* CCSlider */ = {
			isa = PBXGroup;
			children = (
				74FE620A217316300019F548 /* CCSlider.h */,
				74FE6217217327F40019F548 /* CCSliderConfig.h */,
				74FE6218217327F40019F548 /* CCSliderConfig.m */,
				74FE6206217305AB0019F548 /* CCSliderModel.h */,
				74FE6207217305AB0019F548 /* CCSliderModel.m */,
				74FE62002172ED570019F548 /* CCSliderHeaderView.h */,
				74FE62012172ED570019F548 /* CCSliderHeaderView.m */,
				74FE6203217302EC0019F548 /* CCSliderMngVC.h */,
				74FE6204217302EC0019F548 /* CCSliderMngVC.m */,
			);
			path = CCSlider;
			sourceTree = "<group>";
		};
		74FE620B217319770019F548 /* SubVC */ = {
			isa = PBXGroup;
			children = (
				74FE620C21731AE60019F548 /* CCSubVC1.h */,
				74FE620D21731AE60019F548 /* CCSubVC1.m */,
				74FE620F21731AEE0019F548 /* CCSubVC2.h */,
				74FE621021731AEE0019F548 /* CCSubVC2.m */,
			);
			path = SubVC;
			sourceTree = "<group>";
		};
/* End PBXGroup section */

/* Begin PBXNativeTarget section */
		74FE61A02172E71A0019F548 /* CCSlider */ = {
			isa = PBXNativeTarget;
			buildConfigurationList = 74FE61C22172E71C0019F548 /* Build configuration list for PBXNativeTarget "CCSlider" */;
			buildPhases = (
				74FE619D2172E71A0019F548 /* Sources */,
				74FE619E2172E71A0019F548 /* Frameworks */,
				74FE619F2172E71A0019F548 /* Resources */,
			);
			buildRules = (
			);
			dependencies = (
			);
			name = CCSlider;
			productName = CCSlider;
			productReference = 74FE61A12172E71A0019F548 /* CCSlider.app */;
			productType = "com.apple.product-type.application";
		};
		74FE61B82172E71C0019F548 /* CCSliderTests */ = {
			isa = PBXNativeTarget;
			buildConfigurationList = 74FE61C52172E71C0019F548 /* Build configuration list for PBXNativeTarget "CCSliderTests" */;
			buildPhases = (
				74FE61B52172E71C0019F548 /* Sources */,
				74FE61B62172E71C0019F548 /* Frameworks */,
				74FE61B72172E71C0019F548 /* Resources */,
			);
			buildRules = (
			);
			dependencies = (
				74FE61BB2172E71C0019F548 /* PBXTargetDependency */,
			);
			name = CCSliderTests;
			productName = CCSliderTests;
			productReference = 74FE61B92172E71C0019F548 /* CCSliderTests.xctest */;
			productType = "com.apple.product-type.bundle.unit-test";
		};
/* End PBXNativeTarget section */

/* Begin PBXProject section */
		74FE61992172E71A0019F548 /* Project object */ = {
			isa = PBXProject;
			attributes = {
				LastUpgradeCheck = 0940;
				ORGANIZATIONNAME = Chen;
				TargetAttributes = {
					74FE61A02172E71A0019F548 = {
						CreatedOnToolsVersion = 9.4.1;
					};
					74FE61B82172E71C0019F548 = {
						CreatedOnToolsVersion = 9.4.1;
						TestTargetID = 74FE61A02172E71A0019F548;
					};
				};
			};
			buildConfigurationList = 74FE619C2172E71A0019F548 /* Build configuration list for PBXProject "CCSlider" */;
			compatibilityVersion = "Xcode 9.3";
			developmentRegion = en;
			hasScannedForEncodings = 0;
			knownRegions = (
				en,
				Base,
			);
			mainGroup = 74FE61982172E71A0019F548;
			productRefGroup = 74FE61A22172E71A0019F548 /* Products */;
			projectDirPath = "";
			projectRoot = "";
			targets = (
				74FE61A02172E71A0019F548 /* CCSlider */,
				74FE61B82172E71C0019F548 /* CCSliderTests */,
			);
		};
/* End PBXProject section */

/* Begin PBXResourcesBuildPhase section */
		74FE619F2172E71A0019F548 /* Resources */ = {
			isa = PBXResourcesBuildPhase;
			buildActionMask = 2147483647;
			files = (
				74FE61B12172E71C0019F548 /* LaunchScreen.storyboard in Resources */,
				74FE61AE2172E71C0019F548 /* Assets.xcassets in Resources */,
				74FE61AC2172E71A0019F548 /* Main.storyboard in Resources */,
			);
			runOnlyForDeploymentPostprocessing = 0;
		};
		74FE61B72172E71C0019F548 /* Resources */ = {
			isa = PBXResourcesBuildPhase;
			buildActionMask = 2147483647;
			files = (
			);
			runOnlyForDeploymentPostprocessing = 0;
		};
/* End PBXResourcesBuildPhase section */

/* Begin PBXSourcesBuildPhase section */
		74FE619D2172E71A0019F548 /* Sources */ = {
			isa = PBXSourcesBuildPhase;
			buildActionMask = 2147483647;
			files = (
				74FE621121731AEE0019F548 /* CCSubVC2.m in Sources */,
				74FE620E21731AE60019F548 /* CCSubVC1.m in Sources */,
				74FE62022172ED570019F548 /* CCSliderHeaderView.m in Sources */,
				74FE6214217322CE0019F548 /* CCTabVC.m in Sources */,
				74FE61A92172E71A0019F548 /* ViewController.m in Sources */,
				74FE6205217302EC0019F548 /* CCSliderMngVC.m in Sources */,
				74FE6219217327F40019F548 /* CCSliderConfig.m in Sources */,
				74FE61B42172E71C0019F548 /* main.m in Sources */,
				74FE6208217305AB0019F548 /* CCSliderModel.m in Sources */,
				74FE61A62172E71A0019F548 /* AppDelegate.m in Sources */,
			);
			runOnlyForDeploymentPostprocessing = 0;
		};
		74FE61B52172E71C0019F548 /* Sources */ = {
			isa = PBXSourcesBuildPhase;
			buildActionMask = 2147483647;
			files = (
				74FE61BE2172E71C0019F548 /* CCSliderTests.m in Sources */,
			);
			runOnlyForDeploymentPostprocessing = 0;
		};
/* End PBXSourcesBuildPhase section */

/* Begin PBXTargetDependency section */
		74FE61BB2172E71C0019F548 /* PBXTargetDependency */ = {
			isa = PBXTargetDependency;
			target = 74FE61A02172E71A0019F548 /* CCSlider */;
			targetProxy = 74FE61BA2172E71C0019F548 /* PBXContainerItemProxy */;
		};
/* End PBXTargetDependency section */

/* Begin PBXVariantGroup section */
		74FE61AA2172E71A0019F548 /* Main.storyboard */ = {
			isa = PBXVariantGroup;
			children = (
				74FE61AB2172E71A0019F548 /* Base */,
			);
			name = Main.storyboard;
			sourceTree = "<group>";
		};
		74FE61AF2172E71C0019F548 /* LaunchScreen.storyboard */ = {
			isa = PBXVariantGroup;
			children = (
				74FE61B02172E71C0019F548 /* Base */,
			);
			name = LaunchScreen.storyboard;
			sourceTree = "<group>";
		};
/* End PBXVariantGroup section */

/* Begin XCBuildConfiguration section */
		74FE61C02172E71C0019F548 /* Debug */ = {
			isa = XCBuildConfiguration;
			buildSettings = {
				ALWAYS_SEARCH_USER_PATHS = NO;
				CLANG_ANALYZER_NONNULL = YES;
				CLANG_ANALYZER_NUMBER_OBJECT_CONVERSION = YES_AGGRESSIVE;
				CLANG_CXX_LANGUAGE_STANDARD = "gnu++14";
				CLANG_CXX_LIBRARY = "libc++";
				CLANG_ENABLE_MODULES = YES;
				CLANG_ENABLE_OBJC_ARC = YES;
				CLANG_ENABLE_OBJC_WEAK = YES;
				CLANG_WARN_BLOCK_CAPTURE_AUTORELEASING = YES;
				CLANG_WARN_BOOL_CONVERSION = YES;
				CLANG_WARN_COMMA = YES;
				CLANG_WARN_CONSTANT_CONVERSION = YES;
				CLANG_WARN_DEPRECATED_OBJC_IMPLEMENTATIONS = YES;
				CLANG_WARN_DIRECT_OBJC_ISA_USAGE = YES_ERROR;
				CLANG_WARN_DOCUMENTATION_COMMENTS = YES;
				CLANG_WARN_EMPTY_BODY = YES;
				CLANG_WARN_ENUM_CONVERSION = YES;
				CLANG_WARN_INFINITE_RECURSION = YES;
				CLANG_WARN_INT_CONVERSION = YES;
				CLANG_WARN_NON_LITERAL_NULL_CONVERSION = YES;
				CLANG_WARN_OBJC_IMPLICIT_RETAIN_SELF = YES;
				CLANG_WARN_OBJC_LITERAL_CONVERSION = YES;
				CLANG_WARN_OBJC_ROOT_CLASS = YES_ERROR;
				CLANG_WARN_RANGE_LOOP_ANALYSIS = YES;
				CLANG_WARN_STRICT_PROTOTYPES = YES;
				CLANG_WARN_SUSPICIOUS_MOVE = YES;
				CLANG_WARN_UNGUARDED_AVAILABILITY = YES_AGGRESSIVE;
				CLANG_WARN_UNREACHABLE_CODE = YES;
				CLANG_WARN__DUPLICATE_METHOD_MATCH = YES;
				CODE_SIGN_IDENTITY = "iPhone Developer";
				COPY_PHASE_STRIP = NO;
				DEBUG_INFORMATION_FORMAT = dwarf;
				ENABLE_STRICT_OBJC_MSGSEND = YES;
				ENABLE_TESTABILITY = YES;
				GCC_C_LANGUAGE_STANDARD = gnu11;
				GCC_DYNAMIC_NO_PIC = NO;
				GCC_NO_COMMON_BLOCKS = YES;
				GCC_OPTIMIZATION_LEVEL = 0;
				GCC_PREPROCESSOR_DEFINITIONS = (
					"DEBUG=1",
					"$(inherited)",
				);
				GCC_WARN_64_TO_32_BIT_CONVERSION = YES;
				GCC_WARN_ABOUT_RETURN_TYPE = YES_ERROR;
				GCC_WARN_UNDECLARED_SELECTOR = YES;
				GCC_WARN_UNINITIALIZED_AUTOS = YES_AGGRESSIVE;
				GCC_WARN_UNUSED_FUNCTION = YES;
				GCC_WARN_UNUSED_VARIABLE = YES;
				IPHONEOS_DEPLOYMENT_TARGET = 11.4;
				MTL_ENABLE_DEBUG_INFO = YES;
				ONLY_ACTIVE_ARCH = YES;
				SDKROOT = iphoneos;
			};
			name = Debug;
		};
		74FE61C12172E71C0019F548 /* Release */ = {
			isa = XCBuildConfiguration;
			buildSettings = {
				ALWAYS_SEARCH_USER_PATHS = NO;
				CLANG_ANALYZER_NONNULL = YES;
				CLANG_ANALYZER_NUMBER_OBJECT_CONVERSION = YES_AGGRESSIVE;
				CLANG_CXX_LANGUAGE_STANDARD = "gnu++14";
				CLANG_CXX_LIBRARY = "libc++";
				CLANG_ENABLE_MODULES = YES;
				CLANG_ENABLE_OBJC_ARC = YES;
				CLANG_ENABLE_OBJC_WEAK = YES;
				CLANG_WARN_BLOCK_CAPTURE_AUTORELEASING = YES;
				CLANG_WARN_BOOL_CONVERSION = YES;
				CLANG_WARN_COMMA = YES;
				CLANG_WARN_CONSTANT_CONVERSION = YES;
				CLANG_WARN_DEPRECATED_OBJC_IMPLEMENTATIONS = YES;
				CLANG_WARN_DIRECT_OBJC_ISA_USAGE = YES_ERROR;
				CLANG_WARN_DOCUMENTATION_COMMENTS = YES;
				CLANG_WARN_EMPTY_BODY = YES;
				CLANG_WARN_ENUM_CONVERSION = YES;
				CLANG_WARN_INFINITE_RECURSION = YES;
				CLANG_WARN_INT_CONVERSION = YES;
				CLANG_WARN_NON_LITERAL_NULL_CONVERSION = YES;
				CLANG_WARN_OBJC_IMPLICIT_RETAIN_SELF = YES;
				CLANG_WARN_OBJC_LITERAL_CONVERSION = YES;
				CLANG_WARN_OBJC_ROOT_CLASS = YES_ERROR;
				CLANG_WARN_RANGE_LOOP_ANALYSIS = YES;
				CLANG_WARN_STRICT_PROTOTYPES = YES;
				CLANG_WARN_SUSPICIOUS_MOVE = YES;
				CLANG_WARN_UNGUARDED_AVAILABILITY = YES_AGGRESSIVE;
				CLANG_WARN_UNREACHABLE_CODE = YES;
				CLANG_WARN__DUPLICATE_METHOD_MATCH = YES;
				CODE_SIGN_IDENTITY = "iPhone Developer";
				COPY_PHASE_STRIP = NO;
				DEBUG_INFORMATION_FORMAT = "dwarf-with-dsym";
				ENABLE_NS_ASSERTIONS = NO;
				ENABLE_STRICT_OBJC_MSGSEND = YES;
				GCC_C_LANGUAGE_STANDARD = gnu11;
				GCC_NO_COMMON_BLOCKS = YES;
				GCC_WARN_64_TO_32_BIT_CONVERSION = YES;
				GCC_WARN_ABOUT_RETURN_TYPE = YES_ERROR;
				GCC_WARN_UNDECLARED_SELECTOR = YES;
				GCC_WARN_UNINITIALIZED_AUTOS = YES_AGGRESSIVE;
				GCC_WARN_UNUSED_FUNCTION = YES;
				GCC_WARN_UNUSED_VARIABLE = YES;
				IPHONEOS_DEPLOYMENT_TARGET = 11.4;
				MTL_ENABLE_DEBUG_INFO = NO;
				SDKROOT = iphoneos;
				VALIDATE_PRODUCT = YES;
			};
			name = Release;
		};
		74FE61C32172E71C0019F548 /* Debug */ = {
			isa = XCBuildConfiguration;
			buildSettings = {
				ASSETCATALOG_COMPILER_APPICON_NAME = AppIcon;
				CODE_SIGN_STYLE = Automatic;
				DEVELOPMENT_TEAM = 9746FHNU7Z;
				INFOPLIST_FILE = CCSlider/Info.plist;
				IPHONEOS_DEPLOYMENT_TARGET = 8.0;
				LD_RUNPATH_SEARCH_PATHS = (
					"$(inherited)",
					"@executable_path/Frameworks",
				);
				PRODUCT_BUNDLE_IDENTIFIER = com.cc.CCSlider;
				PRODUCT_NAME = "$(TARGET_NAME)";
				TARGETED_DEVICE_FAMILY = 1;
			};
			name = Debug;
		};
		74FE61C42172E71C0019F548 /* Release */ = {
			isa = XCBuildConfiguration;
			buildSettings = {
				ASSETCATALOG_COMPILER_APPICON_NAME = AppIcon;
				CODE_SIGN_STYLE = Automatic;
				DEVELOPMENT_TEAM = 9746FHNU7Z;
				INFOPLIST_FILE = CCSlider/Info.plist;
				IPHONEOS_DEPLOYMENT_TARGET = 8.0;
				LD_RUNPATH_SEARCH_PATHS = (
					"$(inherited)",
					"@executable_path/Frameworks",
				);
				PRODUCT_BUNDLE_IDENTIFIER = com.cc.CCSlider;
				PRODUCT_NAME = "$(TARGET_NAME)";
				TARGETED_DEVICE_FAMILY = 1;
			};
			name = Release;
		};
		74FE61C62172E71C0019F548 /* Debug */ = {
			isa = XCBuildConfiguration;
			buildSettings = {
				BUNDLE_LOADER = "$(TEST_HOST)";
				CODE_SIGN_STYLE = Automatic;
				DEVELOPMENT_TEAM = 9746FHNU7Z;
				INFOPLIST_FILE = CCSliderTests/Info.plist;
				LD_RUNPATH_SEARCH_PATHS = (
					"$(inherited)",
					"@executable_path/Frameworks",
					"@loader_path/Frameworks",
				);
				PRODUCT_BUNDLE_IDENTIFIER = com.cc.CCSliderTests;
				PRODUCT_NAME = "$(TARGET_NAME)";
				TARGETED_DEVICE_FAMILY = "1,2";
				TEST_HOST = "$(BUILT_PRODUCTS_DIR)/CCSlider.app/CCSlider";
			};
			name = Debug;
		};
		74FE61C72172E71C0019F548 /* Release */ = {
			isa = XCBuildConfiguration;
			buildSettings = {
				BUNDLE_LOADER = "$(TEST_HOST)";
				CODE_SIGN_STYLE = Automatic;
				DEVELOPMENT_TEAM = 9746FHNU7Z;
				INFOPLIST_FILE = CCSliderTests/Info.plist;
				LD_RUNPATH_SEARCH_PATHS = (
					"$(inherited)",
					"@executable_path/Frameworks",
					"@loader_path/Frameworks",
				);
				PRODUCT_BUNDLE_IDENTIFIER = com.cc.CCSliderTests;
				PRODUCT_NAME = "$(TARGET_NAME)";
				TARGETED_DEVICE_FAMILY = "1,2";
				TEST_HOST = "$(BUILT_PRODUCTS_DIR)/CCSlider.app/CCSlider";
			};
			name = Release;
		};
/* End XCBuildConfiguration section */

/* Begin XCConfigurationList section */
		74FE619C2172E71A0019F548 /* Build configuration list for PBXProject "CCSlider" */ = {
			isa = XCConfigurationList;
			buildConfigurations = (
				74FE61C02172E71C0019F548 /* Debug */,
				74FE61C12172E71C0019F548 /* Release */,
			);
			defaultConfigurationIsVisible = 0;
			defaultConfigurationName = Release;
		};
		74FE61C22172E71C0019F548 /* Build configuration list for PBXNativeTarget "CCSlider" */ = {
			isa = XCConfigurationList;
			buildConfigurations = (
				74FE61C32172E71C0019F548 /* Debug */,
				74FE61C42172E71C0019F548 /* Release */,
			);
			defaultConfigurationIsVisible = 0;
			defaultConfigurationName = Release;
		};
		74FE61C52172E71C0019F548 /* Build configuration list for PBXNativeTarget "CCSliderTests" */ = {
			isa = XCConfigurationList;
			buildConfigurations = (
				74FE61C62172E71C0019F548 /* Debug */,
				74FE61C72172E71C0019F548 /* Release */,
			);
			defaultConfigurationIsVisible = 0;
			defaultConfigurationName = Release;
		};
/* End XCConfigurationList section */
	};
	rootObject = 74FE61992172E71A0019F548 /* Project object */;
}
